
Microsoft Visual Studio Solution File, Format Version 12.00
# Visual Studio Version 17
VisualStudioVersion = 17.0.31919.166
MinimumVisualStudioVersion = 10.0.40219.1
Project("{9A19103F-16F7-4668-BE54-9A1E7A4F7556}") = "JwtWebApiProj1", "JwtWebApiTutorial\JwtWebApiProj1.csproj", "{C862477E-C1ED-4B5E-B394-B31F51E0D6FD}"
EndProject
Global
	GlobalSection(SolutionConfigurationPlatforms) = preSolution
		Debug|Any CPU = Debug|Any CPU
		Release|Any CPU = Release|Any CPU
	EndGlobalSection
	GlobalSection(ProjectConfigurationPlatforms) = postSolution
		{C862477E-C1ED-4B5E-B394-B31F51E0D6FD}.Debug|Any CPU.ActiveCfg = Debug|Any CPU
		{C862477E-C1ED-4B5E-B394-B31F51E0D6FD}.Debug|Any CPU.Build.0 = Debug|Any CPU
		{C862477E-C1ED-4B5E-B394-B31F51E0D6FD}.Release|Any CPU.ActiveCfg = Release|Any CPU
		{C862477E-C1ED-4B5E-B394-B31F51E0D6FD}.Release|Any CPU.Build.0 = Release|Any CPU
	EndGlobalSection
	GlobalSection(SolutionProperties) = preSolution
		HideSolutionNode = FALSE
	EndGlobalSection
	GlobalSection(ExtensibilityGlobals) = postSolution
		SolutionGuid = {3E1D7572-DE81-4BAE-B57A-5F8FE1C0F544}
	EndGlobalSection
EndGlobal
